// !$*UTF8*$!
{
	archiveVersion = 1;
	classes = {
	};
	objectVersion = 56;
	objects = {

/* Begin PBXBuildFile section */
		DADE1BA02B61E7AF00403610 /* AirbnbApp.swift in Sources */ = {isa = PBXBuildFile; fileRef = DADE1B9F2B61E7AF00403610 /* AirbnbApp.swift */; };
		DADE1BA22B61E7AF00403610 /* ContentView.swift in Sources */ = {isa = PBXBuildFile; fileRef = DADE1BA12B61E7AF00403610 /* ContentView.swift */; };
		DADE1BA42B61E7B100403610 /* Assets.xcassets in Resources */ = {isa = PBXBuildFile; fileRef = DADE1BA32B61E7B100403610 /* Assets.xcassets */; };
		DADE1BA72B61E7B100403610 /* Preview Assets.xcassets in Resources */ = {isa = PBXBuildFile; fileRef = DADE1BA62B61E7B100403610 /* Preview Assets.xcassets */; };
		DADE1BB22B61E85600403610 /* APIService.swift in Sources */ = {isa = PBXBuildFile; fileRef = DADE1BB12B61E85600403610 /* APIService.swift */; };
		DADE1BB42B61E96A00403610 /* AirbnbListingsView.swift in Sources */ = {isa = PBXBuildFile; fileRef = DADE1BB32B61E96A00403610 /* AirbnbListingsView.swift */; };
		DADE1BB62B61EC6A00403610 /* AirbnbListingCardView.swift in Sources */ = {isa = PBXBuildFile; fileRef = DADE1BB52B61EC6A00403610 /* AirbnbListingCardView.swift */; };
		DADE1BB82B61EC9900403610 /* AirbnbDetailView.swift in Sources */ = {isa = PBXBuildFile; fileRef = DADE1BB72B61EC9900403610 /* AirbnbDetailView.swift */; };
		DADE1BBA2B61ECCA00403610 /* AirbnbListingsResponse.swift in Sources */ = {isa = PBXBuildFile; fileRef = DADE1BB92B61ECCA00403610 /* AirbnbListingsResponse.swift */; };
		DADE1BBC2B61ECD700403610 /* AirbnbListing.swift in Sources */ = {isa = PBXBuildFile; fileRef = DADE1BBB2B61ECD700403610 /* AirbnbListing.swift */; };
/* End PBXBuildFile section */

/* Begin PBXFileReference section */
		DADE1B9C2B61E7AF00403610 /* Airbnb.app */ = {isa = PBXFileReference; explicitFileType = wrapper.application; includeInIndex = 0; path = Airbnb.app; sourceTree = BUILT_PRODUCTS_DIR; };
		DADE1B9F2B61E7AF00403610 /* AirbnbApp.swift */ = {isa = PBXFileReference; lastKnownFileType = sourcecode.swift; path = AirbnbApp.swift; sourceTree = "<group>"; };
		DADE1BA12B61E7AF00403610 /* ContentView.swift */ = {isa = PBXFileReference; lastKnownFileType = sourcecode.swift; path = ContentView.swift; sourceTree = "<group>"; };
		DADE1BA32B61E7B100403610 /* Assets.xcassets */ = {isa = PBXFileReference; lastKnownFileType = folder.assetcatalog; path = Assets.xcassets; sourceTree = "<group>"; };
		DADE1BA62B61E7B100403610 /* Preview Assets.xcassets */ = {isa = PBXFileReference; lastKnownFileType = folder.assetcatalog; path = "Preview Assets.xcassets"; sourceTree = "<group>"; };
		DADE1BB12B61E85600403610 /* APIService.swift */ = {isa = PBXFileReference; lastKnownFileType = sourcecode.swift; path = APIService.swift; sourceTree = "<group>"; };
		DADE1BB32B61E96A00403610 /* AirbnbListingsView.swift */ = {isa = PBXFileReference; lastKnownFileType = sourcecode.swift; path = AirbnbListingsView.swift; sourceTree = "<group>"; };
		DADE1BB52B61EC6A00403610 /* AirbnbListingCardView.swift */ = {isa = PBXFileReference; lastKnownFileType = sourcecode.swift; path = AirbnbListingCardView.swift; sourceTree = "<group>"; };
		DADE1BB72B61EC9900403610 /* AirbnbDetailView.swift */ = {isa = PBXFileReference; lastKnownFileType = sourcecode.swift; path = AirbnbDetailView.swift; sourceTree = "<group>"; };
		DADE1BB92B61ECCA00403610 /* AirbnbListingsResponse.swift */ = {isa = PBXFileReference; lastKnownFileType = sourcecode.swift; path = AirbnbListingsResponse.swift; sourceTree = "<group>"; };
		DADE1BBB2B61ECD700403610 /* AirbnbListing.swift */ = {isa = PBXFileReference; lastKnownFileType = sourcecode.swift; path = AirbnbListing.swift; sourceTree = "<group>"; };
/* End PBXFileReference section */

/* Begin PBXFrameworksBuildPhase section */
		DADE1B992B61E7AF00403610 /* Frameworks */ = {
			isa = PBXFrameworksBuildPhase;
			buildActionMask = 2147483647;
			files = (
			);
			runOnlyForDeploymentPostprocessing = 0;
		};
/* End PBXFrameworksBuildPhase section */

/* Begin PBXGroup section */
		DADE1B932B61E7AF00403610 = {
			isa = PBXGroup;
			children = (
				DADE1B9E2B61E7AF00403610 /* Airbnb */,
				DADE1B9D2B61E7AF00403610 /* Products */,
			);
			sourceTree = "<group>";
		};
		DADE1B9D2B61E7AF00403610 /* Products */ = {
			isa = PBXGroup;
			children = (
				DADE1B9C2B61E7AF00403610 /* Airbnb.app */,
			);
			name = Products;
			sourceTree = "<group>";
		};
		DADE1B9E2B61E7AF00403610 /* Airbnb */ = {
			isa = PBXGroup;
			children = (
				DADE1BB02B61E83800403610 /* Services */,
				DADE1BAF2B61E83100403610 /* ViewModels */,
				DADE1BAE2B61E82A00403610 /* Models */,
				DADE1BAD2B61E82400403610 /* Views */,
				DADE1B9F2B61E7AF00403610 /* AirbnbApp.swift */,
				DADE1BA32B61E7B100403610 /* Assets.xcassets */,
				DADE1BA52B61E7B100403610 /* Preview Content */,
			);
			path = Airbnb;
			sourceTree = "<group>";
		};
		DADE1BA52B61E7B100403610 /* Preview Content */ = {
			isa = PBXGroup;
			children = (
				DADE1BA62B61E7B100403610 /* Preview Assets.xcassets */,
			);
			path = "Preview Content";
			sourceTree = "<group>";
		};
		DADE1BAD2B61E82400403610 /* Views */ = {
			isa = PBXGroup;
			children = (
				DADE1BA12B61E7AF00403610 /* ContentView.swift */,
				DADE1BB32B61E96A00403610 /* AirbnbListingsView.swift */,
				DADE1BB52B61EC6A00403610 /* AirbnbListingCardView.swift */,
				DADE1BB72B61EC9900403610 /* AirbnbDetailView.swift */,
			);
			path = Views;
			sourceTree = "<group>";
		};
		DADE1BAE2B61E82A00403610 /* Models */ = {
			isa = PBXGroup;
			children = (
				DADE1BB92B61ECCA00403610 /* AirbnbListingsResponse.swift */,
				DADE1BBB2B61ECD700403610 /* AirbnbListing.swift */,
			);
			path = Models;
			sourceTree = "<group>";
		};
		DADE1BAF2B61E83100403610 /* ViewModels */ = {
			isa = PBXGroup;
			children = (
			);
			path = ViewModels;
			sourceTree = "<group>";
		};
		DADE1BB02B61E83800403610 /* Services */ = {
			isa = PBXGroup;
			children = (
				DADE1BB12B61E85600403610 /* APIService.swift */,
			);
			path = Services;
			sourceTree = "<group>";
		};
/* End PBXGroup section */

/* Begin PBXNativeTarget section */
		DADE1B9B2B61E7AF00403610 /* Airbnb */ = {
			isa = PBXNativeTarget;
			buildConfigurationList = DADE1BAA2B61E7B100403610 /* Build configuration list for PBXNativeTarget "Airbnb" */;
			buildPhases = (
				DADE1B982B61E7AF00403610 /* Sources */,
				DADE1B992B61E7AF00403610 /* Frameworks */,
				DADE1B9A2B61E7AF00403610 /* Resources */,
			);
			buildRules = (
			);
			dependencies = (
			);
			name = Airbnb;
			productName = Airbnb;
			productReference = DADE1B9C2B61E7AF00403610 /* Airbnb.app */;
			productType = "com.apple.product-type.application";
		};
/* End PBXNativeTarget section */

/* Begin PBXProject section */
		DADE1B942B61E7AF00403610 /* Project object */ = {
			isa = PBXProject;
			attributes = {
				BuildIndependentTargetsInParallel = 1;
				LastSwiftUpdateCheck = 1510;
				LastUpgradeCheck = 1510;
				TargetAttributes = {
					DADE1B9B2B61E7AF00403610 = {
						CreatedOnToolsVersion = 15.1;
					};
				};
			};
			buildConfigurationList = DADE1B972B61E7AF00403610 /* Build configuration list for PBXProject "Airbnb" */;
			compatibilityVersion = "Xcode 14.0";
			developmentRegion = en;
			hasScannedForEncodings = 0;
			knownRegions = (
				en,
				Base,
			);
			mainGroup = DADE1B932B61E7AF00403610;
			productRefGroup = DADE1B9D2B61E7AF00403610 /* Products */;
			projectDirPath = "";
			projectRoot = "";
			targets = (
				DADE1B9B2B61E7AF00403610 /* Airbnb */,
			);
		};
/* End PBXProject section */

/* Begin PBXResourcesBuildPhase section */
		DADE1B9A2B61E7AF00403610 /* Resources */ = {
			isa = PBXResourcesBuildPhase;
			buildActionMask = 2147483647;
			files = (
				DADE1BA72B61E7B100403610 /* Preview Assets.xcassets in Resources */,
				DADE1BA42B61E7B100403610 /* Assets.xcassets in Resources */,
			);
			runOnlyForDeploymentPostprocessing = 0;
		};
/* End PBXResourcesBuildPhase section */

/* Begin PBXSourcesBuildPhase section */
		DADE1B982B61E7AF00403610 /* Sources */ = {
			isa = PBXSourcesBuildPhase;
			buildActionMask = 2147483647;
			files = (
				DADE1BBA2B61ECCA00403610 /* AirbnbListingsResponse.swift in Sources */,
				DADE1BA22B61E7AF00403610 /* ContentView.swift in Sources */,
				DADE1BB82B61EC9900403610 /* AirbnbDetailView.swift in Sources */,
				DADE1BB42B61E96A00403610 /* AirbnbListingsView.swift in Sources */,
				DADE1BB62B61EC6A00403610 /* AirbnbListingCardView.swift in Sources */,
				DADE1BB22B61E85600403610 /* APIService.swift in Sources */,
				DADE1BBC2B61ECD700403610 /* AirbnbListing.swift in Sources */,
				DADE1BA02B61E7AF00403610 /* AirbnbApp.swift in Sources */,
			);
			runOnlyForDeploymentPostprocessing = 0;
		};
/* End PBXSourcesBuildPhase section */

/* Begin XCBuildConfiguration section */
		DADE1BA82B61E7B100403610 /* Debug */ = {
			isa = XCBuildConfiguration;
			buildSettings = {
				ALWAYS_SEARCH_USER_PATHS = NO;
				ASSETCATALOG_COMPILER_GENERATE_SWIFT_ASSET_SYMBOL_EXTENSIONS = YES;
				CLANG_ANALYZER_NONNULL = YES;
				CLANG_ANALYZER_NUMBER_OBJECT_CONVERSION = YES_AGGRESSIVE;
				CLANG_CXX_LANGUAGE_STANDARD = "gnu++20";
				CLANG_ENABLE_MODULES = YES;
				CLANG_ENABLE_OBJC_ARC = YES;
				CLANG_ENABLE_OBJC_WEAK = YES;
				CLANG_WARN_BLOCK_CAPTURE_AUTORELEASING = YES;
				CLANG_WARN_BOOL_CONVERSION = YES;
				CLANG_WARN_COMMA = YES;
				CLANG_WARN_CONSTANT_CONVERSION = YES;
				CLANG_WARN_DEPRECATED_OBJC_IMPLEMENTATIONS = YES;
				CLANG_WARN_DIRECT_OBJC_ISA_USAGE = YES_ERROR;
				CLANG_WARN_DOCUMENTATION_COMMENTS = YES;
				CLANG_WARN_EMPTY_BODY = YES;
				CLANG_WARN_ENUM_CONVERSION = YES;
				CLANG_WARN_INFINITE_RECURSION = YES;
				CLANG_WARN_INT_CONVERSION = YES;
				CLANG_WARN_NON_LITERAL_NULL_CONVERSION = YES;
				CLANG_WARN_OBJC_IMPLICIT_RETAIN_SELF = YES;
				CLANG_WARN_OBJC_LITERAL_CONVERSION = YES;
				CLANG_WARN_OBJC_ROOT_CLASS = YES_ERROR;
				CLANG_WARN_QUOTED_INCLUDE_IN_FRAMEWORK_HEADER = YES;
				CLANG_WARN_RANGE_LOOP_ANALYSIS = YES;
				CLANG_WARN_STRICT_PROTOTYPES = YES;
				CLANG_WARN_SUSPICIOUS_MOVE = YES;
				CLANG_WARN_UNGUARDED_AVAILABILITY = YES_AGGRESSIVE;
				CLANG_WARN_UNREACHABLE_CODE = YES;
				CLANG_WARN__DUPLICATE_METHOD_MATCH = YES;
				COPY_PHASE_STRIP = NO;
				DEBUG_INFORMATION_FORMAT = dwarf;
				ENABLE_STRICT_OBJC_MSGSEND = YES;
				ENABLE_TESTABILITY = YES;
				ENABLE_USER_SCRIPT_SANDBOXING = YES;
				GCC_C_LANGUAGE_STANDARD = gnu17;
				GCC_DYNAMIC_NO_PIC = NO;
				GCC_NO_COMMON_BLOCKS = YES;
				GCC_OPTIMIZATION_LEVEL = 0;
				GCC_PREPROCESSOR_DEFINITIONS = (
					"DEBUG=1",
					"$(inherited)",
				);
				GCC_WARN_64_TO_32_BIT_CONVERSION = YES;
				GCC_WARN_ABOUT_RETURN_TYPE = YES_ERROR;
				GCC_WARN_UNDECLARED_SELECTOR = YES;
				GCC_WARN_UNINITIALIZED_AUTOS = YES_AGGRESSIVE;
				GCC_WARN_UNUSED_FUNCTION = YES;
				GCC_WARN_UNUSED_VARIABLE = YES;
				IPHONEOS_DEPLOYMENT_TARGET = 17.2;
				LOCALIZATION_PREFERS_STRING_CATALOGS = YES;
				MTL_ENABLE_DEBUG_INFO = INCLUDE_SOURCE;
				MTL_FAST_MATH = YES;
				ONLY_ACTIVE_ARCH = YES;
				SDKROOT = iphoneos;
				SWIFT_ACTIVE_COMPILATION_CONDITIONS = "DEBUG $(inherited)";
				SWIFT_OPTIMIZATION_LEVEL = "-Onone";
			};
			name = Debug;
		};
		DADE1BA92B61E7B100403610 /* Release */ = {
			isa = XCBuildConfiguration;
			buildSettings = {
				ALWAYS_SEARCH_USER_PATHS = NO;
				ASSETCATALOG_COMPILER_GENERATE_SWIFT_ASSET_SYMBOL_EXTENSIONS = YES;
				CLANG_ANALYZER_NONNULL = YES;
				CLANG_ANALYZER_NUMBER_OBJECT_CONVERSION = YES_AGGRESSIVE;
				CLANG_CXX_LANGUAGE_STANDARD = "gnu++20";
				CLANG_ENABLE_MODULES = YES;
				CLANG_ENABLE_OBJC_ARC = YES;
				CLANG_ENABLE_OBJC_WEAK = YES;
				CLANG_WARN_BLOCK_CAPTURE_AUTORELEASING = YES;
				CLANG_WARN_BOOL_CONVERSION = YES;
				CLANG_WARN_COMMA = YES;
				CLANG_WARN_CONSTANT_CONVERSION = YES;
				CLANG_WARN_DEPRECATED_OBJC_IMPLEMENTATIONS = YES;
				CLANG_WARN_DIRECT_OBJC_ISA_USAGE = YES_ERROR;
				CLANG_WARN_DOCUMENTATION_COMMENTS = YES;
				CLANG_WARN_EMPTY_BODY = YES;
				CLANG_WARN_ENUM_CONVERSION = YES;
				CLANG_WARN_INFINITE_RECURSION = YES;
				CLANG_WARN_INT_CONVERSION = YES;
				CLANG_WARN_NON_LITERAL_NULL_CONVERSION = YES;
				CLANG_WARN_OBJC_IMPLICIT_RETAIN_SELF = YES;
				CLANG_WARN_OBJC_LITERAL_CONVERSION = YES;
				CLANG_WARN_OBJC_ROOT_CLASS = YES_ERROR;
				CLANG_WARN_QUOTED_INCLUDE_IN_FRAMEWORK_HEADER = YES;
				CLANG_WARN_RANGE_LOOP_ANALYSIS = YES;
				CLANG_WARN_STRICT_PROTOTYPES = YES;
				CLANG_WARN_SUSPICIOUS_MOVE = YES;
				CLANG_WARN_UNGUARDED_AVAILABILITY = YES_AGGRESSIVE;
				CLANG_WARN_UNREACHABLE_CODE = YES;
				CLANG_WARN__DUPLICATE_METHOD_MATCH = YES;
				COPY_PHASE_STRIP = NO;
				DEBUG_INFORMATION_FORMAT = "dwarf-with-dsym";
				ENABLE_NS_ASSERTIONS = NO;
				ENABLE_STRICT_OBJC_MSGSEND = YES;
				ENABLE_USER_SCRIPT_SANDBOXING = YES;
				GCC_C_LANGUAGE_STANDARD = gnu17;
				GCC_NO_COMMON_BLOCKS = YES;
				GCC_WARN_64_TO_32_BIT_CONVERSION = YES;
				GCC_WARN_ABOUT_RETURN_TYPE = YES_ERROR;
				GCC_WARN_UNDECLARED_SELECTOR = YES;
				GCC_WARN_UNINITIALIZED_AUTOS = YES_AGGRESSIVE;
				GCC_WARN_UNUSED_FUNCTION = YES;
				GCC_WARN_UNUSED_VARIABLE = YES;
				IPHONEOS_DEPLOYMENT_TARGET = 17.2;
				LOCALIZATION_PREFERS_STRING_CATALOGS = YES;
				MTL_ENABLE_DEBUG_INFO = NO;
				MTL_FAST_MATH = YES;
				SDKROOT = iphoneos;
				SWIFT_COMPILATION_MODE = wholemodule;
				VALIDATE_PRODUCT = YES;
			};
			name = Release;
		};
		DADE1BAB2B61E7B100403610 /* Debug */ = {
			isa = XCBuildConfiguration;
			buildSettings = {
				ASSETCATALOG_COMPILER_APPICON_NAME = AppIcon;
				ASSETCATALOG_COMPILER_GLOBAL_ACCENT_COLOR_NAME = AccentColor;
				CODE_SIGN_STYLE = Automatic;
				CURRENT_PROJECT_VERSION = 1;
				DEVELOPMENT_ASSET_PATHS = "\"Airbnb/Preview Content\"";
				ENABLE_PREVIEWS = YES;
				GENERATE_INFOPLIST_FILE = YES;
				INFOPLIST_KEY_UIApplicationSceneManifest_Generation = YES;
				INFOPLIST_KEY_UIApplicationSupportsIndirectInputEvents = YES;
				INFOPLIST_KEY_UILaunchScreen_Generation = YES;
				INFOPLIST_KEY_UISupportedInterfaceOrientations_iPad = "UIInterfaceOrientationPortrait UIInterfaceOrientationPortraitUpsideDown UIInterfaceOrientationLandscapeLeft UIInterfaceOrientationLandscapeRight";
				INFOPLIST_KEY_UISupportedInterfaceOrientations_iPhone = "UIInterfaceOrientationPortrait UIInterfaceOrientationLandscapeLeft UIInterfaceOrientationLandscapeRight";
				LD_RUNPATH_SEARCH_PATHS = (
					"$(inherited)",
					"@executable_path/Frameworks",
				);
				MARKETING_VERSION = 1.0;
				PRODUCT_BUNDLE_IDENTIFIER = com.iosacademy.Airbnb;
				PRODUCT_NAME = "$(TARGET_NAME)";
				SWIFT_EMIT_LOC_STRINGS = YES;
				SWIFT_VERSION = 5.0;
				TARGETED_DEVICE_FAMILY = "1,2";
			};
			name = Debug;
		};
		DADE1BAC2B61E7B100403610 /* Release */ = {
			isa = XCBuildConfiguration;
			buildSettings = {
				ASSETCATALOG_COMPILER_APPICON_NAME = AppIcon;
				ASSETCATALOG_COMPILER_GLOBAL_ACCENT_COLOR_NAME = AccentColor;
				CODE_SIGN_STYLE = Automatic;
				CURRENT_PROJECT_VERSION = 1;
				DEVELOPMENT_ASSET_PATHS = "\"Airbnb/Preview Content\"";
				ENABLE_PREVIEWS = YES;
				GENERATE_INFOPLIST_FILE = YES;
				INFOPLIST_KEY_UIApplicationSceneManifest_Generation = YES;
				INFOPLIST_KEY_UIApplicationSupportsIndirectInputEvents = YES;
				INFOPLIST_KEY_UILaunchScreen_Generation = YES;
				INFOPLIST_KEY_UISupportedInterfaceOrientations_iPad = "UIInterfaceOrientationPortrait UIInterfaceOrientationPortraitUpsideDown UIInterfaceOrientationLandscapeLeft UIInterfaceOrientationLandscapeRight";
				INFOPLIST_KEY_UISupportedInterfaceOrientations_iPhone = "UIInterfaceOrientationPortrait UIInterfaceOrientationLandscapeLeft UIInterfaceOrientationLandscapeRight";
				LD_RUNPATH_SEARCH_PATHS = (
					"$(inherited)",
					"@executable_path/Frameworks",
				);
				MARKETING_VERSION = 1.0;
				PRODUCT_BUNDLE_IDENTIFIER = com.iosacademy.Airbnb;
				PRODUCT_NAME = "$(TARGET_NAME)";
				SWIFT_EMIT_LOC_STRINGS = YES;
				SWIFT_VERSION = 5.0;
				TARGETED_DEVICE_FAMILY = "1,2";
			};
			name = Release;
		};
/* End XCBuildConfiguration section */

/* Begin XCConfigurationList section */
		DADE1B972B61E7AF00403610 /* Build configuration list for PBXProject "Airbnb" */ = {
			isa = XCConfigurationList;
			buildConfigurations = (
				DADE1BA82B61E7B100403610 /* Debug */,
				DADE1BA92B61E7B100403610 /* Release */,
			);
			defaultConfigurationIsVisible = 0;
			defaultConfigurationName = Release;
		};
		DADE1BAA2B61E7B100403610 /* Build configuration list for PBXNativeTarget "Airbnb" */ = {
			isa = XCConfigurationList;
			buildConfigurations = (
				DADE1BAB2B61E7B100403610 /* Debug */,
				DADE1BAC2B61E7B100403610 /* Release */,
			);
			defaultConfigurationIsVisible = 0;
			defaultConfigurationName = Release;
		};
/* End XCConfigurationList section */
	};
	rootObject = DADE1B942B61E7AF00403610 /* Project object */;
}
